
Microsoft Visual Studio Solution File, Format Version 12.00
# Visual Studio Version 17
VisualStudioVersion = 17.3.32825.248
MinimumVisualStudioVersion = 10.0.40219.1
Project("{FAE04EC0-301F-11D3-BF4B-00C04F79EFBC}") = "Laba4", "Laba4\Laba4.csproj", "{CD652E5B-FC24-44AA-8F2C-6ECE3CBA2316}"
EndProject
Global
	GlobalSection(SolutionConfigurationPlatforms) = preSolution
		Debug|Any CPU = Debug|Any CPU
		Release|Any CPU = Release|Any CPU
	EndGlobalSection
	GlobalSection(ProjectConfigurationPlatforms) = postSolution
		{CD652E5B-FC24-44AA-8F2C-6ECE3CBA2316}.Debug|Any CPU.ActiveCfg = Debug|Any CPU
		{CD652E5B-FC24-44AA-8F2C-6ECE3CBA2316}.Debug|Any CPU.Build.0 = Debug|Any CPU
		{CD652E5B-FC24-44AA-8F2C-6ECE3CBA2316}.Release|Any CPU.ActiveCfg = Release|Any CPU
		{CD652E5B-FC24-44AA-8F2C-6ECE3CBA2316}.Release|Any CPU.Build.0 = Release|Any CPU
	EndGlobalSection
	GlobalSection(SolutionProperties) = preSolution
		HideSolutionNode = FALSE
	EndGlobalSection
	GlobalSection(ExtensibilityGlobals) = postSolution
		SolutionGuid = {98A57304-DC6B-4204-B166-0CF9512A86AA}
	EndGlobalSection
EndGlobal
